// !$*UTF8*$!
{
	archiveVersion = 1;
	classes = {
	};
	objectVersion = 46;
	objects = {

/* Begin PBXBuildFile section */
		4603E2D11B77C88800A74C5E /* OSImageFeatureMatcher.mm in Sources */ = {isa = PBXBuildFile; fileRef = 4603E2D01B77C88800A74C5E /* OSImageFeatureMatcher.mm */; };
		462689471B5AA25B00CFA891 /* Metal.framework in Frameworks */ = {isa = PBXBuildFile; fileRef = 462689461B5AA25A00CFA891 /* Metal.framework */; };
		462689491B5AA26300CFA891 /* QuartzCore.framework in Frameworks */ = {isa = PBXBuildFile; fileRef = 462689481B5AA26300CFA891 /* QuartzCore.framework */; };
		4626894C1B5AA44D00CFA891 /* UIKit.framework in Frameworks */ = {isa = PBXBuildFile; fileRef = 4626894B1B5AA44D00CFA891 /* UIKit.framework */; };
		4626894E1B5AA45700CFA891 /* CoreGraphics.framework in Frameworks */ = {isa = PBXBuildFile; fileRef = 4626894D1B5AA45700CFA891 /* CoreGraphics.framework */; };
		462689571B5B7C7200CFA891 /* OSBaseFrame.swift in Sources */ = {isa = PBXBuildFile; fileRef = 462689561B5B7C7200CFA891 /* OSBaseFrame.swift */; };
		4626895A1B5B7E8400CFA891 /* OSCameraFrameProviderSwift.swift in Sources */ = {isa = PBXBuildFile; fileRef = 462689591B5B7E8400CFA891 /* OSCameraFrameProviderSwift.swift */; };
		4626895E1B5B9AB200CFA891 /* OSViewController.swift in Sources */ = {isa = PBXBuildFile; fileRef = 4626895D1B5B9AB200CFA891 /* OSViewController.swift */; };
		462689601B5BA2B100CFA891 /* OS3DFrameConsumerProtocol.swift in Sources */ = {isa = PBXBuildFile; fileRef = 4626895F1B5BA2B100CFA891 /* OS3DFrameConsumerProtocol.swift */; };
		462689621B5BAE5000CFA891 /* OSOpeningViewController.swift in Sources */ = {isa = PBXBuildFile; fileRef = 462689611B5BAE5000CFA891 /* OSOpeningViewController.swift */; };
		464454641B6CE1D100653213 /* VectorMath.swift in Sources */ = {isa = PBXBuildFile; fileRef = 464454631B6CE1D100653213 /* VectorMath.swift */; };
		464454671B6D3FFE00653213 /* OSPointCloudView.swift in Sources */ = {isa = PBXBuildFile; fileRef = 464454661B6D3FFE00653213 /* OSPointCloudView.swift */; };
		464454691B6E33AF00653213 /* PointCloudShader.metal in Sources */ = {isa = PBXBuildFile; fileRef = 464454681B6E33AF00653213 /* PointCloudShader.metal */; };
		464B51B91B67897C00A99117 /* UIImage+OpenCV.mm in Sources */ = {isa = PBXBuildFile; fileRef = 464B51B81B67897C00A99117 /* UIImage+OpenCV.mm */; settings = {COMPILER_FLAGS = "-x objective-c++"; }; };
		464B51C11B679AEF00A99117 /* opencv2.framework in Frameworks */ = {isa = PBXBuildFile; fileRef = 464B51B41B67893A00A99117 /* opencv2.framework */; };
		467344471B5A735B009B3728 /* main.m in Sources */ = {isa = PBXBuildFile; fileRef = 467344461B5A735B009B3728 /* main.m */; };
		4673444A1B5A735B009B3728 /* AppDelegate.m in Sources */ = {isa = PBXBuildFile; fileRef = 467344491B5A735B009B3728 /* AppDelegate.m */; };
		467344501B5A735B009B3728 /* Main.storyboard in Resources */ = {isa = PBXBuildFile; fileRef = 4673444E1B5A735B009B3728 /* Main.storyboard */; };
		467344551B5A735B009B3728 /* LaunchScreen.xib in Resources */ = {isa = PBXBuildFile; fileRef = 467344531B5A735B009B3728 /* LaunchScreen.xib */; };
		467344611B5A735B009B3728 /* ObjectScannerTests.m in Sources */ = {isa = PBXBuildFile; fileRef = 467344601B5A735B009B3728 /* ObjectScannerTests.m */; };
		4673446D1B5A73AD009B3728 /* ViewController.m in Sources */ = {isa = PBXBuildFile; fileRef = 4673446C1B5A73AD009B3728 /* ViewController.m */; };
		467344751B5A74F8009B3728 /* OSCameraFrameProvider.m in Sources */ = {isa = PBXBuildFile; fileRef = 467344741B5A74F8009B3728 /* OSCameraFrameProvider.m */; };
		467344781B5A75FF009B3728 /* Images.xcassets in Resources */ = {isa = PBXBuildFile; fileRef = 467344771B5A75FF009B3728 /* Images.xcassets */; };
		467344841B5A76DB009B3728 /* father1Depth.csv in Resources */ = {isa = PBXBuildFile; fileRef = 4673447A1B5A76DB009B3728 /* father1Depth.csv */; };
		467344861B5A76DB009B3728 /* father2Depth.csv in Resources */ = {isa = PBXBuildFile; fileRef = 4673447C1B5A76DB009B3728 /* father2Depth.csv */; };
		467344881B5A76DB009B3728 /* father3Depth.csv in Resources */ = {isa = PBXBuildFile; fileRef = 4673447E1B5A76DB009B3728 /* father3Depth.csv */; };
		4673448A1B5A76DB009B3728 /* father4Depth.csv in Resources */ = {isa = PBXBuildFile; fileRef = 467344801B5A76DB009B3728 /* father4Depth.csv */; };
		4673448C1B5A76DB009B3728 /* father5Depth.csv in Resources */ = {isa = PBXBuildFile; fileRef = 467344821B5A76DB009B3728 /* father5Depth.csv */; };
		467925CC1B63A6C80037D04D /* OSContentLoadingProtocol.swift in Sources */ = {isa = PBXBuildFile; fileRef = 467925CB1B63A6C80037D04D /* OSContentLoadingProtocol.swift */; };
		468078B71B6E67BE003484F4 /* OSVectorMath.swift in Sources */ = {isa = PBXBuildFile; fileRef = 468078B61B6E67BE003484F4 /* OSVectorMath.swift */; };
		468078BA1B6EA2E7003484F4 /* OSTextureProvider.mm in Sources */ = {isa = PBXBuildFile; fileRef = 468078B91B6EA2E7003484F4 /* OSTextureProvider.mm */; };
		46B005751B5BDCC000AE781D /* father1.png in Resources */ = {isa = PBXBuildFile; fileRef = 46B005701B5BDCC000AE781D /* father1.png */; };
		46B005761B5BDCC000AE781D /* father2.png in Resources */ = {isa = PBXBuildFile; fileRef = 46B005711B5BDCC000AE781D /* father2.png */; };
		46B005771B5BDCC000AE781D /* father3.png in Resources */ = {isa = PBXBuildFile; fileRef = 46B005721B5BDCC000AE781D /* father3.png */; };
		46B005781B5BDCC000AE781D /* father4.png in Resources */ = {isa = PBXBuildFile; fileRef = 46B005731B5BDCC000AE781D /* father4.png */; };
		46B005791B5BDCC000AE781D /* father5.png in Resources */ = {isa = PBXBuildFile; fileRef = 46B005741B5BDCC000AE781D /* father5.png */; };
		46B0057D1B5BFF4F00AE781D /* RGBDepthFrame.metal in Sources */ = {isa = PBXBuildFile; fileRef = 46B0057C1B5BFF4F00AE781D /* RGBDepthFrame.metal */; };
		46BB660E1B5FA0BE001897AD /* OSTimer.swift in Sources */ = {isa = PBXBuildFile; fileRef = 46BB660D1B5FA0BE001897AD /* OSTimer.swift */; };
		46F806BD1B63F44000A15A40 /* OSScannerManager.swift in Sources */ = {isa = PBXBuildFile; fileRef = 46F806BC1B63F44000A15A40 /* OSScannerManager.swift */; };
/* End PBXBuildFile section */

/* Begin PBXContainerItemProxy section */
		4673445B1B5A735B009B3728 /* PBXContainerItemProxy */ = {
			isa = PBXContainerItemProxy;
			containerPortal = 467344391B5A735B009B3728 /* Project object */;
			proxyType = 1;
			remoteGlobalIDString = 467344401B5A735B009B3728;
			remoteInfo = ObjectScanner;
		};
/* End PBXContainerItemProxy section */

/* Begin PBXFileReference section */
		4603E2CF1B77C88800A74C5E /* OSImageFeatureMatcher.h */ = {isa = PBXFileReference; fileEncoding = 4; lastKnownFileType = sourcecode.c.h; path = OSImageFeatureMatcher.h; sourceTree = "<group>"; };
		4603E2D01B77C88800A74C5E /* OSImageFeatureMatcher.mm */ = {isa = PBXFileReference; fileEncoding = 4; lastKnownFileType = sourcecode.cpp.objcpp; path = OSImageFeatureMatcher.mm; sourceTree = "<group>"; };
		462689461B5AA25A00CFA891 /* Metal.framework */ = {isa = PBXFileReference; lastKnownFileType = wrapper.framework; name = Metal.framework; path = System/Library/Frameworks/Metal.framework; sourceTree = SDKROOT; };
		462689481B5AA26300CFA891 /* QuartzCore.framework */ = {isa = PBXFileReference; lastKnownFileType = wrapper.framework; name = QuartzCore.framework; path = System/Library/Frameworks/QuartzCore.framework; sourceTree = SDKROOT; };
		4626894B1B5AA44D00CFA891 /* UIKit.framework */ = {isa = PBXFileReference; lastKnownFileType = wrapper.framework; name = UIKit.framework; path = System/Library/Frameworks/UIKit.framework; sourceTree = SDKROOT; };
		4626894D1B5AA45700CFA891 /* CoreGraphics.framework */ = {isa = PBXFileReference; lastKnownFileType = wrapper.framework; name = CoreGraphics.framework; path = System/Library/Frameworks/CoreGraphics.framework; sourceTree = SDKROOT; };
		462689561B5B7C7200CFA891 /* OSBaseFrame.swift */ = {isa = PBXFileReference; fileEncoding = 4; lastKnownFileType = sourcecode.swift; path = OSBaseFrame.swift; sourceTree = "<group>"; };
		462689581B5B7CB800CFA891 /* ObjectScanner-Bridging-Header.h */ = {isa = PBXFileReference; fileEncoding = 4; lastKnownFileType = sourcecode.c.h; path = "ObjectScanner-Bridging-Header.h"; sourceTree = "<group>"; };
		462689591B5B7E8400CFA891 /* OSCameraFrameProviderSwift.swift */ = {isa = PBXFileReference; fileEncoding = 4; lastKnownFileType = sourcecode.swift; path = OSCameraFrameProviderSwift.swift; sourceTree = "<group>"; };
		4626895D1B5B9AB200CFA891 /* OSViewController.swift */ = {isa = PBXFileReference; fileEncoding = 4; lastKnownFileType = sourcecode.swift; path = OSViewController.swift; sourceTree = "<group>"; };
		4626895F1B5BA2B100CFA891 /* OS3DFrameConsumerProtocol.swift */ = {isa = PBXFileReference; fileEncoding = 4; lastKnownFileType = sourcecode.swift; path = OS3DFrameConsumerProtocol.swift; sourceTree = "<group>"; };
		462689611B5BAE5000CFA891 /* OSOpeningViewController.swift */ = {isa = PBXFileReference; fileEncoding = 4; lastKnownFileType = sourcecode.swift; path = OSOpeningViewController.swift; sourceTree = "<group>"; };
		464454631B6CE1D100653213 /* VectorMath.swift */ = {isa = PBXFileReference; fileEncoding = 4; lastKnownFileType = sourcecode.swift; path = VectorMath.swift; sourceTree = "<group>"; };
		464454661B6D3FFE00653213 /* OSPointCloudView.swift */ = {isa = PBXFileReference; fileEncoding = 4; lastKnownFileType = sourcecode.swift; path = OSPointCloudView.swift; sourceTree = "<group>"; };
		464454681B6E33AF00653213 /* PointCloudShader.metal */ = {isa = PBXFileReference; fileEncoding = 4; lastKnownFileType = sourcecode.metal; path = PointCloudShader.metal; sourceTree = "<group>"; };
		464B51B41B67893A00A99117 /* opencv2.framework */ = {isa = PBXFileReference; lastKnownFileType = wrapper.framework; path = opencv2.framework; sourceTree = "<group>"; };
		464B51B71B67897C00A99117 /* UIImage+OpenCV.h */ = {isa = PBXFileReference; fileEncoding = 4; lastKnownFileType = sourcecode.c.h; path = "UIImage+OpenCV.h"; sourceTree = "<group>"; };
		464B51B81B67897C00A99117 /* UIImage+OpenCV.mm */ = {isa = PBXFileReference; fileEncoding = 4; lastKnownFileType = sourcecode.cpp.objcpp; path = "UIImage+OpenCV.mm"; sourceTree = "<group>"; };
		467344411B5A735B009B3728 /* ObjectScanner.app */ = {isa = PBXFileReference; explicitFileType = wrapper.application; includeInIndex = 0; path = ObjectScanner.app; sourceTree = BUILT_PRODUCTS_DIR; };
		467344451B5A735B009B3728 /* Info.plist */ = {isa = PBXFileReference; lastKnownFileType = text.plist.xml; path = Info.plist; sourceTree = "<group>"; };
		467344461B5A735B009B3728 /* main.m */ = {isa = PBXFileReference; lastKnownFileType = sourcecode.c.objc; path = main.m; sourceTree = "<group>"; };
		467344481B5A735B009B3728 /* AppDelegate.h */ = {isa = PBXFileReference; lastKnownFileType = sourcecode.c.h; path = AppDelegate.h; sourceTree = "<group>"; };
		467344491B5A735B009B3728 /* AppDelegate.m */ = {isa = PBXFileReference; lastKnownFileType = sourcecode.c.objc; path = AppDelegate.m; sourceTree = "<group>"; };
		4673444F1B5A735B009B3728 /* Base */ = {isa = PBXFileReference; lastKnownFileType = file.storyboard; name = Base; path = Base.lproj/Main.storyboard; sourceTree = "<group>"; };
		467344541B5A735B009B3728 /* Base */ = {isa = PBXFileReference; lastKnownFileType = file.xib; name = Base; path = Base.lproj/LaunchScreen.xib; sourceTree = "<group>"; };
		4673445A1B5A735B009B3728 /* ObjectScannerTests.xctest */ = {isa = PBXFileReference; explicitFileType = wrapper.cfbundle; includeInIndex = 0; path = ObjectScannerTests.xctest; sourceTree = BUILT_PRODUCTS_DIR; };
		4673445F1B5A735B009B3728 /* Info.plist */ = {isa = PBXFileReference; lastKnownFileType = text.plist.xml; path = Info.plist; sourceTree = "<group>"; };
		467344601B5A735B009B3728 /* ObjectScannerTests.m */ = {isa = PBXFileReference; lastKnownFileType = sourcecode.c.objc; path = ObjectScannerTests.m; sourceTree = "<group>"; };
		4673446B1B5A73AD009B3728 /* ViewController.h */ = {isa = PBXFileReference; fileEncoding = 4; lastKnownFileType = sourcecode.c.h; path = ViewController.h; sourceTree = "<group>"; };
		4673446C1B5A73AD009B3728 /* ViewController.m */ = {isa = PBXFileReference; fileEncoding = 4; lastKnownFileType = sourcecode.c.objc; path = ViewController.m; sourceTree = "<group>"; };
		467344731B5A74F8009B3728 /* OSCameraFrameProvider.h */ = {isa = PBXFileReference; fileEncoding = 4; lastKnownFileType = sourcecode.c.h; path = OSCameraFrameProvider.h; sourceTree = "<group>"; };
		467344741B5A74F8009B3728 /* OSCameraFrameProvider.m */ = {isa = PBXFileReference; fileEncoding = 4; lastKnownFileType = sourcecode.c.objc; path = OSCameraFrameProvider.m; sourceTree = "<group>"; };
		467344771B5A75FF009B3728 /* Images.xcassets */ = {isa = PBXFileReference; lastKnownFileType = folder.assetcatalog; path = Images.xcassets; sourceTree = "<group>"; };
		4673447A1B5A76DB009B3728 /* father1Depth.csv */ = {isa = PBXFileReference; fileEncoding = 4; lastKnownFileType = text; path = father1Depth.csv; sourceTree = "<group>"; };
		4673447C1B5A76DB009B3728 /* father2Depth.csv */ = {isa = PBXFileReference; fileEncoding = 4; lastKnownFileType = text; path = father2Depth.csv; sourceTree = "<group>"; };
		4673447E1B5A76DB009B3728 /* father3Depth.csv */ = {isa = PBXFileReference; fileEncoding = 4; lastKnownFileType = text; path = father3Depth.csv; sourceTree = "<group>"; };
		467344801B5A76DB009B3728 /* father4Depth.csv */ = {isa = PBXFileReference; fileEncoding = 4; lastKnownFileType = text; path = father4Depth.csv; sourceTree = "<group>"; };
		467344821B5A76DB009B3728 /* father5Depth.csv */ = {isa = PBXFileReference; fileEncoding = 4; lastKnownFileType = text; path = father5Depth.csv; sourceTree = "<group>"; };
		4673448F1B5A7BB2009B3728 /* OS-Prefix.pch */ = {isa = PBXFileReference; fileEncoding = 4; lastKnownFileType = sourcecode.c.h; path = "OS-Prefix.pch"; sourceTree = "<group>"; };
		4677958F1B772A5000F36942 /* Shared.h */ = {isa = PBXFileReference; fileEncoding = 4; lastKnownFileType = sourcecode.c.h; path = Shared.h; sourceTree = "<group>"; };
		467925CB1B63A6C80037D04D /* OSContentLoadingProtocol.swift */ = {isa = PBXFileReference; fileEncoding = 4; lastKnownFileType = sourcecode.swift; path = OSContentLoadingProtocol.swift; sourceTree = "<group>"; };
		468078B61B6E67BE003484F4 /* OSVectorMath.swift */ = {isa = PBXFileReference; fileEncoding = 4; lastKnownFileType = sourcecode.swift; path = OSVectorMath.swift; sourceTree = "<group>"; };
		468078B81B6EA2E7003484F4 /* OSTextureProvider.h */ = {isa = PBXFileReference; fileEncoding = 4; lastKnownFileType = sourcecode.c.h; path = OSTextureProvider.h; sourceTree = "<group>"; };
		468078B91B6EA2E7003484F4 /* OSTextureProvider.mm */ = {isa = PBXFileReference; fileEncoding = 4; lastKnownFileType = sourcecode.cpp.objcpp; path = OSTextureProvider.mm; sourceTree = "<group>"; };
		46B005701B5BDCC000AE781D /* father1.png */ = {isa = PBXFileReference; lastKnownFileType = image.png; path = father1.png; sourceTree = "<group>"; };
		46B005711B5BDCC000AE781D /* father2.png */ = {isa = PBXFileReference; lastKnownFileType = image.png; path = father2.png; sourceTree = "<group>"; };
		46B005721B5BDCC000AE781D /* father3.png */ = {isa = PBXFileReference; lastKnownFileType = image.png; path = father3.png; sourceTree = "<group>"; };
		46B005731B5BDCC000AE781D /* father4.png */ = {isa = PBXFileReference; lastKnownFileType = image.png; path = father4.png; sourceTree = "<group>"; };
		46B005741B5BDCC000AE781D /* father5.png */ = {isa = PBXFileReference; lastKnownFileType = image.png; path = father5.png; sourceTree = "<group>"; };
		46B0057C1B5BFF4F00AE781D /* RGBDepthFrame.metal */ = {isa = PBXFileReference; fileEncoding = 4; lastKnownFileType = sourcecode.metal; path = RGBDepthFrame.metal; sourceTree = "<group>"; };
		46BB660D1B5FA0BE001897AD /* OSTimer.swift */ = {isa = PBXFileReference; fileEncoding = 4; lastKnownFileType = sourcecode.swift; path = OSTimer.swift; sourceTree = "<group>"; };
		46F806BC1B63F44000A15A40 /* OSScannerManager.swift */ = {isa = PBXFileReference; fileEncoding = 4; lastKnownFileType = sourcecode.swift; path = OSScannerManager.swift; sourceTree = "<group>"; };
/* End PBXFileReference section */

/* Begin PBXFrameworksBuildPhase section */
		4673443E1B5A735B009B3728 /* Frameworks */ = {
			isa = PBXFrameworksBuildPhase;
			buildActionMask = 2147483647;
			files = (
				464B51C11B679AEF00A99117 /* opencv2.framework in Frameworks */,
				4626894E1B5AA45700CFA891 /* CoreGraphics.framework in Frameworks */,
				4626894C1B5AA44D00CFA891 /* UIKit.framework in Frameworks */,
				462689491B5AA26300CFA891 /* QuartzCore.framework in Frameworks */,
				462689471B5AA25B00CFA891 /* Metal.framework in Frameworks */,
			);
			runOnlyForDeploymentPostprocessing = 0;
		};
		467344571B5A735B009B3728 /* Frameworks */ = {
			isa = PBXFrameworksBuildPhase;
			buildActionMask = 2147483647;
			files = (
			);
			runOnlyForDeploymentPostprocessing = 0;
		};
/* End PBXFrameworksBuildPhase section */

/* Begin PBXGroup section */
		462689451B5AA24600CFA891 /* Frameworks */ = {
			isa = PBXGroup;
			children = (
				464B51B41B67893A00A99117 /* opencv2.framework */,
				4626894D1B5AA45700CFA891 /* CoreGraphics.framework */,
				4626894B1B5AA44D00CFA891 /* UIKit.framework */,
				462689481B5AA26300CFA891 /* QuartzCore.framework */,
				462689461B5AA25A00CFA891 /* Metal.framework */,
			);
			name = Frameworks;
			path = ObjectScanner/Frameworks;
			sourceTree = "<group>";
		};
		464454651B6D3F0600653213 /* Views */ = {
			isa = PBXGroup;
			children = (
				464454661B6D3FFE00653213 /* OSPointCloudView.swift */,
				464454681B6E33AF00653213 /* PointCloudShader.metal */,
			);
			path = Views;
			sourceTree = "<group>";
		};
		464B51B61B67894D00A99117 /* Categories */ = {
			isa = PBXGroup;
			children = (
				464B51B71B67897C00A99117 /* UIImage+OpenCV.h */,
				464B51B81B67897C00A99117 /* UIImage+OpenCV.mm */,
			);
			path = Categories;
			sourceTree = "<group>";
		};
		467344381B5A735B009B3728 = {
			isa = PBXGroup;
			children = (
				467344431B5A735B009B3728 /* ObjectScanner */,
				4673445D1B5A735B009B3728 /* ObjectScannerTests */,
				467344421B5A735B009B3728 /* Products */,
				462689451B5AA24600CFA891 /* Frameworks */,
			);
			sourceTree = "<group>";
		};
		467344421B5A735B009B3728 /* Products */ = {
			isa = PBXGroup;
			children = (
				467344411B5A735B009B3728 /* ObjectScanner.app */,
				4673445A1B5A735B009B3728 /* ObjectScannerTests.xctest */,
			);
			name = Products;
			sourceTree = "<group>";
		};
		467344431B5A735B009B3728 /* ObjectScanner */ = {
			isa = PBXGroup;
			children = (
				4677958F1B772A5000F36942 /* Shared.h */,
				467344481B5A735B009B3728 /* AppDelegate.h */,
				467344491B5A735B009B3728 /* AppDelegate.m */,
				4673444E1B5A735B009B3728 /* Main.storyboard */,
				467344531B5A735B009B3728 /* LaunchScreen.xib */,
				4673446A1B5A7379009B3728 /* ViewControllers */,
				464454651B6D3F0600653213 /* Views */,
				4673446F1B5A73DC009B3728 /* Models */,
				46F806BB1B63F3C800A15A40 /* Managers */,
				4673446E1B5A73BA009B3728 /* Utilities */,
				464B51B61B67894D00A99117 /* Categories */,
				46D07E241B6CCF2900E7A7BC /* ExternalComponents */,
				468078B51B6E66D9003484F4 /* Categories */,
				467344761B5A75D2009B3728 /* Resources */,
				467344441B5A735B009B3728 /* Supporting Files */,
			);
			path = ObjectScanner;
			sourceTree = "<group>";
		};
		467344441B5A735B009B3728 /* Supporting Files */ = {
			isa = PBXGroup;
			children = (
				462689581B5B7CB800CFA891 /* ObjectScanner-Bridging-Header.h */,
				467344451B5A735B009B3728 /* Info.plist */,
				467344461B5A735B009B3728 /* main.m */,
				4673448F1B5A7BB2009B3728 /* OS-Prefix.pch */,
			);
			name = "Supporting Files";
			sourceTree = "<group>";
		};
		4673445D1B5A735B009B3728 /* ObjectScannerTests */ = {
			isa = PBXGroup;
			children = (
				467344601B5A735B009B3728 /* ObjectScannerTests.m */,
				4673445E1B5A735B009B3728 /* Supporting Files */,
			);
			path = ObjectScannerTests;
			sourceTree = "<group>";
		};
		4673445E1B5A735B009B3728 /* Supporting Files */ = {
			isa = PBXGroup;
			children = (
				4673445F1B5A735B009B3728 /* Info.plist */,
			);
			name = "Supporting Files";
			sourceTree = "<group>";
		};
		4673446A1B5A7379009B3728 /* ViewControllers */ = {
			isa = PBXGroup;
			children = (
				4673446B1B5A73AD009B3728 /* ViewController.h */,
				4673446C1B5A73AD009B3728 /* ViewController.m */,
				4626895D1B5B9AB200CFA891 /* OSViewController.swift */,
				462689611B5BAE5000CFA891 /* OSOpeningViewController.swift */,
			);
			path = ViewControllers;
			sourceTree = "<group>";
		};
		4673446E1B5A73BA009B3728 /* Utilities */ = {
			isa = PBXGroup;
			children = (
				467344731B5A74F8009B3728 /* OSCameraFrameProvider.h */,
				467344741B5A74F8009B3728 /* OSCameraFrameProvider.m */,
				462689591B5B7E8400CFA891 /* OSCameraFrameProviderSwift.swift */,
				4626895F1B5BA2B100CFA891 /* OS3DFrameConsumerProtocol.swift */,
				46BB660D1B5FA0BE001897AD /* OSTimer.swift */,
				467925CB1B63A6C80037D04D /* OSContentLoadingProtocol.swift */,
				468078B81B6EA2E7003484F4 /* OSTextureProvider.h */,
				468078B91B6EA2E7003484F4 /* OSTextureProvider.mm */,
				4603E2CF1B77C88800A74C5E /* OSImageFeatureMatcher.h */,
				4603E2D01B77C88800A74C5E /* OSImageFeatureMatcher.mm */,
			);
			path = Utilities;
			sourceTree = "<group>";
		};
		4673446F1B5A73DC009B3728 /* Models */ = {
			isa = PBXGroup;
			children = (
				462689561B5B7C7200CFA891 /* OSBaseFrame.swift */,
				46B0057C1B5BFF4F00AE781D /* RGBDepthFrame.metal */,
			);
			path = Models;
			sourceTree = "<group>";
		};
		467344761B5A75D2009B3728 /* Resources */ = {
			isa = PBXGroup;
			children = (
				467344791B5A76A4009B3728 /* TestData */,
				467344771B5A75FF009B3728 /* Images.xcassets */,
			);
			path = Resources;
			sourceTree = "<group>";
		};
		467344791B5A76A4009B3728 /* TestData */ = {
			isa = PBXGroup;
			children = (
				46B005701B5BDCC000AE781D /* father1.png */,
				4673447A1B5A76DB009B3728 /* father1Depth.csv */,
				46B005711B5BDCC000AE781D /* father2.png */,
				4673447C1B5A76DB009B3728 /* father2Depth.csv */,
				46B005721B5BDCC000AE781D /* father3.png */,
				4673447E1B5A76DB009B3728 /* father3Depth.csv */,
				46B005731B5BDCC000AE781D /* father4.png */,
				467344801B5A76DB009B3728 /* father4Depth.csv */,
				46B005741B5BDCC000AE781D /* father5.png */,
				467344821B5A76DB009B3728 /* father5Depth.csv */,
			);
			path = TestData;
			sourceTree = "<group>";
		};
		468078B51B6E66D9003484F4 /* Categories */ = {
			isa = PBXGroup;
			children = (
				468078B61B6E67BE003484F4 /* OSVectorMath.swift */,
			);
			path = Categories;
			sourceTree = "<group>";
		};
		46D07E241B6CCF2900E7A7BC /* ExternalComponents */ = {
			isa = PBXGroup;
			children = (
				464454631B6CE1D100653213 /* VectorMath.swift */,
			);
			path = ExternalComponents;
			sourceTree = "<group>";
		};
		46F806BB1B63F3C800A15A40 /* Managers */ = {
			isa = PBXGroup;
			children = (
				46F806BC1B63F44000A15A40 /* OSScannerManager.swift */,
			);
			path = Managers;
			sourceTree = "<group>";
		};
/* End PBXGroup section */

/* Begin PBXNativeTarget section */
		467344401B5A735B009B3728 /* ObjectScanner */ = {
			isa = PBXNativeTarget;
			buildConfigurationList = 467344641B5A735B009B3728 /* Build configuration list for PBXNativeTarget "ObjectScanner" */;
			buildPhases = (
				4673443D1B5A735B009B3728 /* Sources */,
				4673443E1B5A735B009B3728 /* Frameworks */,
				4673443F1B5A735B009B3728 /* Resources */,
			);
			buildRules = (
			);
			dependencies = (
			);
			name = ObjectScanner;
			productName = ObjectScanner;
			productReference = 467344411B5A735B009B3728 /* ObjectScanner.app */;
			productType = "com.apple.product-type.application";
		};
		467344591B5A735B009B3728 /* ObjectScannerTests */ = {
			isa = PBXNativeTarget;
			buildConfigurationList = 467344671B5A735B009B3728 /* Build configuration list for PBXNativeTarget "ObjectScannerTests" */;
			buildPhases = (
				467344561B5A735B009B3728 /* Sources */,
				467344571B5A735B009B3728 /* Frameworks */,
				467344581B5A735B009B3728 /* Resources */,
			);
			buildRules = (
			);
			dependencies = (
				4673445C1B5A735B009B3728 /* PBXTargetDependency */,
			);
			name = ObjectScannerTests;
			productName = ObjectScannerTests;
			productReference = 4673445A1B5A735B009B3728 /* ObjectScannerTests.xctest */;
			productType = "com.apple.product-type.bundle.unit-test";
		};
/* End PBXNativeTarget section */

/* Begin PBXProject section */
		467344391B5A735B009B3728 /* Project object */ = {
			isa = PBXProject;
			attributes = {
				CLASSPREFIX = OS;
				LastSwiftMigration = 0700;
				LastSwiftUpdateCheck = 0700;
				LastUpgradeCheck = 0700;
				ORGANIZATIONNAME = "Ismail Bozkurt";
				TargetAttributes = {
					467344401B5A735B009B3728 = {
						CreatedOnToolsVersion = 6.4;
					};
					467344591B5A735B009B3728 = {
						CreatedOnToolsVersion = 6.4;
						TestTargetID = 467344401B5A735B009B3728;
					};
				};
			};
			buildConfigurationList = 4673443C1B5A735B009B3728 /* Build configuration list for PBXProject "ObjectScanner" */;
			compatibilityVersion = "Xcode 3.2";
			developmentRegion = English;
			hasScannedForEncodings = 0;
			knownRegions = (
				en,
				Base,
			);
			mainGroup = 467344381B5A735B009B3728;
			productRefGroup = 467344421B5A735B009B3728 /* Products */;
			projectDirPath = "";
			projectRoot = "";
			targets = (
				467344401B5A735B009B3728 /* ObjectScanner */,
				467344591B5A735B009B3728 /* ObjectScannerTests */,
			);
		};
/* End PBXProject section */

/* Begin PBXResourcesBuildPhase section */
		4673443F1B5A735B009B3728 /* Resources */ = {
			isa = PBXResourcesBuildPhase;
			buildActionMask = 2147483647;
			files = (
				467344501B5A735B009B3728 /* Main.storyboard in Resources */,
				467344781B5A75FF009B3728 /* Images.xcassets in Resources */,
				46B005751B5BDCC000AE781D /* father1.png in Resources */,
				4673448A1B5A76DB009B3728 /* father4Depth.csv in Resources */,
				46B005761B5BDCC000AE781D /* father2.png in Resources */,
				4673448C1B5A76DB009B3728 /* father5Depth.csv in Resources */,
				467344881B5A76DB009B3728 /* father3Depth.csv in Resources */,
				467344841B5A76DB009B3728 /* father1Depth.csv in Resources */,
				46B005781B5BDCC000AE781D /* father4.png in Resources */,
				46B005791B5BDCC000AE781D /* father5.png in Resources */,
				467344551B5A735B009B3728 /* LaunchScreen.xib in Resources */,
				46B005771B5BDCC000AE781D /* father3.png in Resources */,
				467344861B5A76DB009B3728 /* father2Depth.csv in Resources */,
			);
			runOnlyForDeploymentPostprocessing = 0;
		};
		467344581B5A735B009B3728 /* Resources */ = {
			isa = PBXResourcesBuildPhase;
			buildActionMask = 2147483647;
			files = (
			);
			runOnlyForDeploymentPostprocessing = 0;
		};
/* End PBXResourcesBuildPhase section */

/* Begin PBXSourcesBuildPhase section */
		4673443D1B5A735B009B3728 /* Sources */ = {
			isa = PBXSourcesBuildPhase;
			buildActionMask = 2147483647;
			files = (
				464454641B6CE1D100653213 /* VectorMath.swift in Sources */,
				4673444A1B5A735B009B3728 /* AppDelegate.m in Sources */,
				4626895A1B5B7E8400CFA891 /* OSCameraFrameProviderSwift.swift in Sources */,
				46F806BD1B63F44000A15A40 /* OSScannerManager.swift in Sources */,
				462689571B5B7C7200CFA891 /* OSBaseFrame.swift in Sources */,
				4603E2D11B77C88800A74C5E /* OSImageFeatureMatcher.mm in Sources */,
				464B51B91B67897C00A99117 /* UIImage+OpenCV.mm in Sources */,
				4673446D1B5A73AD009B3728 /* ViewController.m in Sources */,
				467344471B5A735B009B3728 /* main.m in Sources */,
				4626895E1B5B9AB200CFA891 /* OSViewController.swift in Sources */,
				467925CC1B63A6C80037D04D /* OSContentLoadingProtocol.swift in Sources */,
				46BB660E1B5FA0BE001897AD /* OSTimer.swift in Sources */,
				462689621B5BAE5000CFA891 /* OSOpeningViewController.swift in Sources */,
				467344751B5A74F8009B3728 /* OSCameraFrameProvider.m in Sources */,
				464454671B6D3FFE00653213 /* OSPointCloudView.swift in Sources */,
				462689601B5BA2B100CFA891 /* OS3DFrameConsumerProtocol.swift in Sources */,
				468078BA1B6EA2E7003484F4 /* OSTextureProvider.mm in Sources */,
				46B0057D1B5BFF4F00AE781D /* RGBDepthFrame.metal in Sources */,
				468078B71B6E67BE003484F4 /* OSVectorMath.swift in Sources */,
				464454691B6E33AF00653213 /* PointCloudShader.metal in Sources */,
			);
			runOnlyForDeploymentPostprocessing = 0;
		};
		467344561B5A735B009B3728 /* Sources */ = {
			isa = PBXSourcesBuildPhase;
			buildActionMask = 2147483647;
			files = (
				467344611B5A735B009B3728 /* ObjectScannerTests.m in Sources */,
			);
			runOnlyForDeploymentPostprocessing = 0;
		};
/* End PBXSourcesBuildPhase section */

/* Begin PBXTargetDependency section */
		4673445C1B5A735B009B3728 /* PBXTargetDependency */ = {
			isa = PBXTargetDependency;
			target = 467344401B5A735B009B3728 /* ObjectScanner */;
			targetProxy = 4673445B1B5A735B009B3728 /* PBXContainerItemProxy */;
		};
/* End PBXTargetDependency section */

/* Begin PBXVariantGroup section */
		4673444E1B5A735B009B3728 /* Main.storyboard */ = {
			isa = PBXVariantGroup;
			children = (
				4673444F1B5A735B009B3728 /* Base */,
			);
			name = Main.storyboard;
			sourceTree = "<group>";
		};
		467344531B5A735B009B3728 /* LaunchScreen.xib */ = {
			isa = PBXVariantGroup;
			children = (
				467344541B5A735B009B3728 /* Base */,
			);
			name = LaunchScreen.xib;
			sourceTree = "<group>";
		};
/* End PBXVariantGroup section */

/* Begin XCBuildConfiguration section */
		467344621B5A735B009B3728 /* Debug */ = {
			isa = XCBuildConfiguration;
			buildSettings = {
				ALWAYS_SEARCH_USER_PATHS = NO;
				CLANG_CXX_LANGUAGE_STANDARD = "gnu++0x";
				CLANG_CXX_LIBRARY = "libc++";
				CLANG_ENABLE_MODULES = YES;
				CLANG_ENABLE_OBJC_ARC = YES;
				CLANG_WARN_BOOL_CONVERSION = YES;
				CLANG_WARN_CONSTANT_CONVERSION = YES;
				CLANG_WARN_DIRECT_OBJC_ISA_USAGE = YES_ERROR;
				CLANG_WARN_EMPTY_BODY = YES;
				CLANG_WARN_ENUM_CONVERSION = YES;
				CLANG_WARN_INT_CONVERSION = YES;
				CLANG_WARN_OBJC_ROOT_CLASS = YES_ERROR;
				CLANG_WARN_UNREACHABLE_CODE = YES;
				CLANG_WARN__DUPLICATE_METHOD_MATCH = YES;
				"CODE_SIGN_IDENTITY[sdk=iphoneos*]" = "iPhone Developer";
				COPY_PHASE_STRIP = NO;
				DEBUG_INFORMATION_FORMAT = "dwarf-with-dsym";
				DEFINES_MODULE = YES;
				ENABLE_BITCODE = NO;
				ENABLE_STRICT_OBJC_MSGSEND = YES;
				ENABLE_TESTABILITY = YES;
				GCC_C_LANGUAGE_STANDARD = gnu99;
				GCC_DYNAMIC_NO_PIC = NO;
				GCC_NO_COMMON_BLOCKS = YES;
				GCC_OPTIMIZATION_LEVEL = 0;
				GCC_PREPROCESSOR_DEFINITIONS = (
					"DEBUG=1",
					"$(inherited)",
				);
				GCC_SYMBOLS_PRIVATE_EXTERN = NO;
				GCC_WARN_64_TO_32_BIT_CONVERSION = YES;
				GCC_WARN_ABOUT_RETURN_TYPE = YES_ERROR;
				GCC_WARN_UNDECLARED_SELECTOR = YES;
				GCC_WARN_UNINITIALIZED_AUTOS = YES_AGGRESSIVE;
				GCC_WARN_UNUSED_FUNCTION = YES;
				GCC_WARN_UNUSED_VARIABLE = YES;
				IPHONEOS_DEPLOYMENT_TARGET = 8.2;
				MTL_ENABLE_DEBUG_INFO = YES;
				ONLY_ACTIVE_ARCH = YES;
				SDKROOT = iphoneos;
				TARGETED_DEVICE_FAMILY = "1,2";
			};
			name = Debug;
		};
		467344631B5A735B009B3728 /* Release */ = {
			isa = XCBuildConfiguration;
			buildSettings = {
				ALWAYS_SEARCH_USER_PATHS = NO;
				CLANG_CXX_LANGUAGE_STANDARD = "gnu++0x";
				CLANG_CXX_LIBRARY = "libc++";
				CLANG_ENABLE_MODULES = YES;
				CLANG_ENABLE_OBJC_ARC = YES;
				CLANG_WARN_BOOL_CONVERSION = YES;
				CLANG_WARN_CONSTANT_CONVERSION = YES;
				CLANG_WARN_DIRECT_OBJC_ISA_USAGE = YES_ERROR;
				CLANG_WARN_EMPTY_BODY = YES;
				CLANG_WARN_ENUM_CONVERSION = YES;
				CLANG_WARN_INT_CONVERSION = YES;
				CLANG_WARN_OBJC_ROOT_CLASS = YES_ERROR;
				CLANG_WARN_UNREACHABLE_CODE = YES;
				CLANG_WARN__DUPLICATE_METHOD_MATCH = YES;
				"CODE_SIGN_IDENTITY[sdk=iphoneos*]" = "iPhone Developer";
				COPY_PHASE_STRIP = NO;
				DEBUG_INFORMATION_FORMAT = "dwarf-with-dsym";
				DEFINES_MODULE = YES;
				ENABLE_BITCODE = NO;
				ENABLE_NS_ASSERTIONS = NO;
				ENABLE_STRICT_OBJC_MSGSEND = YES;
				GCC_C_LANGUAGE_STANDARD = gnu99;
				GCC_NO_COMMON_BLOCKS = YES;
				GCC_WARN_64_TO_32_BIT_CONVERSION = YES;
				GCC_WARN_ABOUT_RETURN_TYPE = YES_ERROR;
				GCC_WARN_UNDECLARED_SELECTOR = YES;
				GCC_WARN_UNINITIALIZED_AUTOS = YES_AGGRESSIVE;
				GCC_WARN_UNUSED_FUNCTION = YES;
				GCC_WARN_UNUSED_VARIABLE = YES;
				IPHONEOS_DEPLOYMENT_TARGET = 8.2;
				MTL_ENABLE_DEBUG_INFO = NO;
				SDKROOT = iphoneos;
				TARGETED_DEVICE_FAMILY = "1,2";
				VALIDATE_PRODUCT = YES;
			};
			name = Release;
		};
		467344651B5A735B009B3728 /* Debug */ = {
			isa = XCBuildConfiguration;
			buildSettings = {
				ASSETCATALOG_COMPILER_APPICON_NAME = AppIcon;
				CLANG_ENABLE_MODULES = YES;
				EXECUTABLE_PREFIX = "";
				FRAMEWORK_SEARCH_PATHS = "$(PROJECT_DIR)/ObjectScanner/Frameworks/**";
				GCC_PRECOMPILE_PREFIX_HEADER = YES;
				GCC_PREFIX_HEADER = "$(SRCROOT)/ObjectScanner/OS-Prefix.pch";
				INFOPLIST_FILE = ObjectScanner/Info.plist;
				IPHONEOS_DEPLOYMENT_TARGET = 8.2;
				LD_RUNPATH_SEARCH_PATHS = "$(inherited) @executable_path/Frameworks";
				LIBRARY_SEARCH_PATHS = (
					"<Multiple",
					"values>",
					"$(PROJECT_DIR)/ObjectScanner/Frameworks/**",
				);
				PRODUCT_NAME = "$(TARGET_NAME)";
				SWIFT_OBJC_BRIDGING_HEADER = "ObjectScanner/ObjectScanner-Bridging-Header.h";
				SWIFT_OPTIMIZATION_LEVEL = "-Onone";
			};
			name = Debug;
		};
		467344661B5A735B009B3728 /* Release */ = {
			isa = XCBuildConfiguration;
			buildSettings = {
				ASSETCATALOG_COMPILER_APPICON_NAME = AppIcon;
				CLANG_ENABLE_MODULES = YES;
				EXECUTABLE_PREFIX = "";
				FRAMEWORK_SEARCH_PATHS = "$(PROJECT_DIR)/ObjectScanner/Frameworks/**";
				GCC_PRECOMPILE_PREFIX_HEADER = YES;
				GCC_PREFIX_HEADER = "$(SRCROOT)/ObjectScanner/OS-Prefix.pch";
				INFOPLIST_FILE = ObjectScanner/Info.plist;
				IPHONEOS_DEPLOYMENT_TARGET = 8.2;
				LD_RUNPATH_SEARCH_PATHS = "$(inherited) @executable_path/Frameworks";
				LIBRARY_SEARCH_PATHS = (
					"<Multiple",
					"values>",
					"$(PROJECT_DIR)/ObjectScanner/Frameworks/**",
				);
				PRODUCT_NAME = "$(TARGET_NAME)";
				SWIFT_OBJC_BRIDGING_HEADER = "ObjectScanner/ObjectScanner-Bridging-Header.h";
			};
			name = Release;
		};
		467344681B5A735B009B3728 /* Debug */ = {
			isa = XCBuildConfiguration;
			buildSettings = {
				BUNDLE_LOADER = "$(TEST_HOST)";
				FRAMEWORK_SEARCH_PATHS = (
					"$(SDKROOT)/Developer/Library/Frameworks",
					"$(inherited)",
				);
				GCC_PREPROCESSOR_DEFINITIONS = (
					"DEBUG=1",
					"$(inherited)",
				);
				INFOPLIST_FILE = ObjectScannerTests/Info.plist;
				LD_RUNPATH_SEARCH_PATHS = "$(inherited) @executable_path/Frameworks @loader_path/Frameworks";
				PRODUCT_NAME = "$(TARGET_NAME)";
				TEST_HOST = "$(BUILT_PRODUCTS_DIR)/ObjectScanner.app/ObjectScanner";
			};
			name = Debug;
		};
		467344691B5A735B009B3728 /* Release */ = {
			isa = XCBuildConfiguration;
			buildSettings = {
				BUNDLE_LOADER = "$(TEST_HOST)";
				FRAMEWORK_SEARCH_PATHS = (
					"$(SDKROOT)/Developer/Library/Frameworks",
					"$(inherited)",
				);
				INFOPLIST_FILE = ObjectScannerTests/Info.plist;
				LD_RUNPATH_SEARCH_PATHS = "$(inherited) @executable_path/Frameworks @loader_path/Frameworks";
				PRODUCT_NAME = "$(TARGET_NAME)";
				TEST_HOST = "$(BUILT_PRODUCTS_DIR)/ObjectScanner.app/ObjectScanner";
			};
			name = Release;
		};
/* End XCBuildConfiguration section */

/* Begin XCConfigurationList section */
		4673443C1B5A735B009B3728 /* Build configuration list for PBXProject "ObjectScanner" */ = {
			isa = XCConfigurationList;
			buildConfigurations = (
				467344621B5A735B009B3728 /* Debug */,
				467344631B5A735B009B3728 /* Release */,
			);
			defaultConfigurationIsVisible = 0;
			defaultConfigurationName = Release;
		};
		467344641B5A735B009B3728 /* Build configuration list for PBXNativeTarget "ObjectScanner" */ = {
			isa = XCConfigurationList;
			buildConfigurations = (
				467344651B5A735B009B3728 /* Debug */,
				467344661B5A735B009B3728 /* Release */,
			);
			defaultConfigurationIsVisible = 0;
			defaultConfigurationName = Release;
		};
		467344671B5A735B009B3728 /* Build configuration list for PBXNativeTarget "ObjectScannerTests" */ = {
			isa = XCConfigurationList;
			buildConfigurations = (
				467344681B5A735B009B3728 /* Debug */,
				467344691B5A735B009B3728 /* Release */,
			);
			defaultConfigurationIsVisible = 0;
			defaultConfigurationName = Release;
		};
/* End XCConfigurationList section */
	};
	rootObject = 467344391B5A735B009B3728 /* Project object */;
}
